
Microsoft Visual Studio Solution File, Format Version 12.00
# Visual Studio 15
VisualStudioVersion = 15.0.27703.2000
MinimumVisualStudioVersion = 10.0.40219.1
Project("{FAE04EC0-301F-11D3-BF4B-00C04F79EFBC}") = "PrintSample", "PrintSample\PrintSample\PrintSample.csproj", "{EDAED816-89B5-4897-8FEC-9D4B87AFE534}"
EndProject
Project("{FAE04EC0-301F-11D3-BF4B-00C04F79EFBC}") = "PrintSample.Android", "PrintSample\PrintSample.Android\PrintSample.Android.csproj", "{3CA4CBCC-3FE4-4C6A-9E14-1EF066B6E5A7}"
EndProject
Project("{FAE04EC0-301F-11D3-BF4B-00C04F79EFBC}") = "PrintSample.iOS", "PrintSample\PrintSample.iOS\PrintSample.iOS.csproj", "{AE37E35B-73E9-432D-BAB8-FB8440DA2AE4}"
EndProject
Project("{FAE04EC0-301F-11D3-BF4B-00C04F79EFBC}") = "PrintSample.UWP", "PrintSample\PrintSample.UWP\PrintSample.UWP.csproj", "{19F1B8C4-F23F-4963-B16B-EAC69D7E1C55}"
EndProject
Global
	GlobalSection(SolutionConfigurationPlatforms) = preSolution
		Ad-Hoc|Any CPU = Ad-Hoc|Any CPU
		Ad-Hoc|ARM = Ad-Hoc|ARM
		Ad-Hoc|iPhone = Ad-Hoc|iPhone
		Ad-Hoc|iPhoneSimulator = Ad-Hoc|iPhoneSimulator
		Ad-Hoc|x64 = Ad-Hoc|x64
		Ad-Hoc|x86 = Ad-Hoc|x86
		AppStore|Any CPU = AppStore|Any CPU
		AppStore|ARM = AppStore|ARM
		AppStore|iPhone = AppStore|iPhone
		AppStore|iPhoneSimulator = AppStore|iPhoneSimulator
		AppStore|x64 = AppStore|x64
		AppStore|x86 = AppStore|x86
		Debug|Any CPU = Debug|Any CPU
		Debug|ARM = Debug|ARM
		Debug|iPhone = Debug|iPhone
		Debug|iPhoneSimulator = Debug|iPhoneSimulator
		Debug|x64 = Debug|x64
		Debug|x86 = Debug|x86
		Release|Any CPU = Release|Any CPU
		Release|ARM = Release|ARM
		Release|iPhone = Release|iPhone
		Release|iPhoneSimulator = Release|iPhoneSimulator
		Release|x64 = Release|x64
		Release|x86 = Release|x86
	EndGlobalSection
	GlobalSection(ProjectConfigurationPlatforms) = postSolution
		{EDAED816-89B5-4897-8FEC-9D4B87AFE534}.Ad-Hoc|Any CPU.ActiveCfg = Debug|Any CPU
		{EDAED816-89B5-4897-8FEC-9D4B87AFE534}.Ad-Hoc|Any CPU.Build.0 = Debug|Any CPU
		{EDAED816-89B5-4897-8FEC-9D4B87AFE534}.Ad-Hoc|ARM.ActiveCfg = Debug|Any CPU
		{EDAED816-89B5-4897-8FEC-9D4B87AFE534}.Ad-Hoc|ARM.Build.0 = Debug|Any CPU
		{EDAED816-89B5-4897-8FEC-9D4B87AFE534}.Ad-Hoc|iPhone.ActiveCfg = Debug|Any CPU
		{EDAED816-89B5-4897-8FEC-9D4B87AFE534}.Ad-Hoc|iPhone.Build.0 = Debug|Any CPU
		{EDAED816-89B5-4897-8FEC-9D4B87AFE534}.Ad-Hoc|iPhoneSimulator.ActiveCfg = Debug|Any CPU
		{EDAED816-89B5-4897-8FEC-9D4B87AFE534}.Ad-Hoc|iPhoneSimulator.Build.0 = Debug|Any CPU
		{EDAED816-89B5-4897-8FEC-9D4B87AFE534}.Ad-Hoc|x64.ActiveCfg = Debug|Any CPU
		{EDAED816-89B5-4897-8FEC-9D4B87AFE534}.Ad-Hoc|x64.Build.0 = Debug|Any CPU
		{EDAED816-89B5-4897-8FEC-9D4B87AFE534}.Ad-Hoc|x86.ActiveCfg = Debug|Any CPU
		{EDAED816-89B5-4897-8FEC-9D4B87AFE534}.Ad-Hoc|x86.Build.0 = Debug|Any CPU
		{EDAED816-89B5-4897-8FEC-9D4B87AFE534}.AppStore|Any CPU.ActiveCfg = Debug|Any CPU
		{EDAED816-89B5-4897-8FEC-9D4B87AFE534}.AppStore|Any CPU.Build.0 = Debug|Any CPU
		{EDAED816-89B5-4897-8FEC-9D4B87AFE534}.AppStore|ARM.ActiveCfg = Debug|Any CPU
		{EDAED816-89B5-4897-8FEC-9D4B87AFE534}.AppStore|ARM.Build.0 = Debug|Any CPU
		{EDAED816-89B5-4897-8FEC-9D4B87AFE534}.AppStore|iPhone.ActiveCfg = Debug|Any CPU
		{EDAED816-89B5-4897-8FEC-9D4B87AFE534}.AppStore|iPhone.Build.0 = Debug|Any CPU
		{EDAED816-89B5-4897-8FEC-9D4B87AFE534}.AppStore|iPhoneSimulator.ActiveCfg = Debug|Any CPU
		{EDAED816-89B5-4897-8FEC-9D4B87AFE534}.AppStore|iPhoneSimulator.Build.0 = Debug|Any CPU
		{EDAED816-89B5-4897-8FEC-9D4B87AFE534}.AppStore|x64.ActiveCfg = Debug|Any CPU
		{EDAED816-89B5-4897-8FEC-9D4B87AFE534}.AppStore|x64.Build.0 = Debug|Any CPU
		{EDAED816-89B5-4897-8FEC-9D4B87AFE534}.AppStore|x86.ActiveCfg = Debug|Any CPU
		{EDAED816-89B5-4897-8FEC-9D4B87AFE534}.AppStore|x86.Build.0 = Debug|Any CPU
		{EDAED816-89B5-4897-8FEC-9D4B87AFE534}.Debug|Any CPU.ActiveCfg = Debug|Any CPU
		{EDAED816-89B5-4897-8FEC-9D4B87AFE534}.Debug|Any CPU.Build.0 = Debug|Any CPU
		{EDAED816-89B5-4897-8FEC-9D4B87AFE534}.Debug|ARM.ActiveCfg = Debug|Any CPU
		{EDAED816-89B5-4897-8FEC-9D4B87AFE534}.Debug|ARM.Build.0 = Debug|Any CPU
		{EDAED816-89B5-4897-8FEC-9D4B87AFE534}.Debug|iPhone.ActiveCfg = Debug|Any CPU
		{EDAED816-89B5-4897-8FEC-9D4B87AFE534}.Debug|iPhone.Build.0 = Debug|Any CPU
		{EDAED816-89B5-4897-8FEC-9D4B87AFE534}.Debug|iPhoneSimulator.ActiveCfg = Debug|Any CPU
		{EDAED816-89B5-4897-8FEC-9D4B87AFE534}.Debug|iPhoneSimulator.Build.0 = Debug|Any CPU
		{EDAED816-89B5-4897-8FEC-9D4B87AFE534}.Debug|x64.ActiveCfg = Debug|Any CPU
		{EDAED816-89B5-4897-8FEC-9D4B87AFE534}.Debug|x64.Build.0 = Debug|Any CPU
		{EDAED816-89B5-4897-8FEC-9D4B87AFE534}.Debug|x86.ActiveCfg = Debug|Any CPU
		{EDAED816-89B5-4897-8FEC-9D4B87AFE534}.Debug|x86.Build.0 = Debug|Any CPU
		{EDAED816-89B5-4897-8FEC-9D4B87AFE534}.Release|Any CPU.ActiveCfg = Release|Any CPU
		{EDAED816-89B5-4897-8FEC-9D4B87AFE534}.Release|Any CPU.Build.0 = Release|Any CPU
		{EDAED816-89B5-4897-8FEC-9D4B87AFE534}.Release|ARM.ActiveCfg = Release|Any CPU
		{EDAED816-89B5-4897-8FEC-9D4B87AFE534}.Release|ARM.Build.0 = Release|Any CPU
		{EDAED816-89B5-4897-8FEC-9D4B87AFE534}.Release|iPhone.ActiveCfg = Release|Any CPU
		{EDAED816-89B5-4897-8FEC-9D4B87AFE534}.Release|iPhone.Build.0 = Release|Any CPU
		{EDAED816-89B5-4897-8FEC-9D4B87AFE534}.Release|iPhoneSimulator.ActiveCfg = Release|Any CPU
		{EDAED816-89B5-4897-8FEC-9D4B87AFE534}.Release|iPhoneSimulator.Build.0 = Release|Any CPU
		{EDAED816-89B5-4897-8FEC-9D4B87AFE534}.Release|x64.ActiveCfg = Release|Any CPU
		{EDAED816-89B5-4897-8FEC-9D4B87AFE534}.Release|x64.Build.0 = Release|Any CPU
		{EDAED816-89B5-4897-8FEC-9D4B87AFE534}.Release|x86.ActiveCfg = Release|Any CPU
		{EDAED816-89B5-4897-8FEC-9D4B87AFE534}.Release|x86.Build.0 = Release|Any CPU
		{3CA4CBCC-3FE4-4C6A-9E14-1EF066B6E5A7}.Ad-Hoc|Any CPU.ActiveCfg = Release|Any CPU
		{3CA4CBCC-3FE4-4C6A-9E14-1EF066B6E5A7}.Ad-Hoc|Any CPU.Build.0 = Release|Any CPU
		{3CA4CBCC-3FE4-4C6A-9E14-1EF066B6E5A7}.Ad-Hoc|Any CPU.Deploy.0 = Release|Any CPU
		{3CA4CBCC-3FE4-4C6A-9E14-1EF066B6E5A7}.Ad-Hoc|ARM.ActiveCfg = Release|Any CPU
		{3CA4CBCC-3FE4-4C6A-9E14-1EF066B6E5A7}.Ad-Hoc|ARM.Build.0 = Release|Any CPU
		{3CA4CBCC-3FE4-4C6A-9E14-1EF066B6E5A7}.Ad-Hoc|ARM.Deploy.0 = Release|Any CPU
		{3CA4CBCC-3FE4-4C6A-9E14-1EF066B6E5A7}.Ad-Hoc|iPhone.ActiveCfg = Release|Any CPU
		{3CA4CBCC-3FE4-4C6A-9E14-1EF066B6E5A7}.Ad-Hoc|iPhone.Build.0 = Release|Any CPU
		{3CA4CBCC-3FE4-4C6A-9E14-1EF066B6E5A7}.Ad-Hoc|iPhone.Deploy.0 = Release|Any CPU
		{3CA4CBCC-3FE4-4C6A-9E14-1EF066B6E5A7}.Ad-Hoc|iPhoneSimulator.ActiveCfg = Release|Any CPU
		{3CA4CBCC-3FE4-4C6A-9E14-1EF066B6E5A7}.Ad-Hoc|iPhoneSimulator.Build.0 = Release|Any CPU
		{3CA4CBCC-3FE4-4C6A-9E14-1EF066B6E5A7}.Ad-Hoc|iPhoneSimulator.Deploy.0 = Release|Any CPU
		{3CA4CBCC-3FE4-4C6A-9E14-1EF066B6E5A7}.Ad-Hoc|x64.ActiveCfg = Release|Any CPU
		{3CA4CBCC-3FE4-4C6A-9E14-1EF066B6E5A7}.Ad-Hoc|x64.Build.0 = Release|Any CPU
		{3CA4CBCC-3FE4-4C6A-9E14-1EF066B6E5A7}.Ad-Hoc|x64.Deploy.0 = Release|Any CPU
		{3CA4CBCC-3FE4-4C6A-9E14-1EF066B6E5A7}.Ad-Hoc|x86.ActiveCfg = Release|Any CPU
		{3CA4CBCC-3FE4-4C6A-9E14-1EF066B6E5A7}.Ad-Hoc|x86.Build.0 = Release|Any CPU
		{3CA4CBCC-3FE4-4C6A-9E14-1EF066B6E5A7}.Ad-Hoc|x86.Deploy.0 = Release|Any CPU
		{3CA4CBCC-3FE4-4C6A-9E14-1EF066B6E5A7}.AppStore|Any CPU.ActiveCfg = Release|Any CPU
		{3CA4CBCC-3FE4-4C6A-9E14-1EF066B6E5A7}.AppStore|Any CPU.Build.0 = Release|Any CPU
		{3CA4CBCC-3FE4-4C6A-9E14-1EF066B6E5A7}.AppStore|Any CPU.Deploy.0 = Release|Any CPU
		{3CA4CBCC-3FE4-4C6A-9E14-1EF066B6E5A7}.AppStore|ARM.ActiveCfg = Release|Any CPU
		{3CA4CBCC-3FE4-4C6A-9E14-1EF066B6E5A7}.AppStore|ARM.Build.0 = Release|Any CPU
		{3CA4CBCC-3FE4-4C6A-9E14-1EF066B6E5A7}.AppStore|ARM.Deploy.0 = Release|Any CPU
		{3CA4CBCC-3FE4-4C6A-9E14-1EF066B6E5A7}.AppStore|iPhone.ActiveCfg = Release|Any CPU
		{3CA4CBCC-3FE4-4C6A-9E14-1EF066B6E5A7}.AppStore|iPhone.Build.0 = Release|Any CPU
		{3CA4CBCC-3FE4-4C6A-9E14-1EF066B6E5A7}.AppStore|iPhone.Deploy.0 = Release|Any CPU
		{3CA4CBCC-3FE4-4C6A-9E14-1EF066B6E5A7}.AppStore|iPhoneSimulator.ActiveCfg = Release|Any CPU
		{3CA4CBCC-3FE4-4C6A-9E14-1EF066B6E5A7}.AppStore|iPhoneSimulator.Build.0 = Release|Any CPU
		{3CA4CBCC-3FE4-4C6A-9E14-1EF066B6E5A7}.AppStore|iPhoneSimulator.Deploy.0 = Release|Any CPU
		{3CA4CBCC-3FE4-4C6A-9E14-1EF066B6E5A7}.AppStore|x64.ActiveCfg = Release|Any CPU
		{3CA4CBCC-3FE4-4C6A-9E14-1EF066B6E5A7}.AppStore|x64.Build.0 = Release|Any CPU
		{3CA4CBCC-3FE4-4C6A-9E14-1EF066B6E5A7}.AppStore|x64.Deploy.0 = Release|Any CPU
		{3CA4CBCC-3FE4-4C6A-9E14-1EF066B6E5A7}.AppStore|x86.ActiveCfg = Release|Any CPU
		{3CA4CBCC-3FE4-4C6A-9E14-1EF066B6E5A7}.AppStore|x86.Build.0 = Release|Any CPU
		{3CA4CBCC-3FE4-4C6A-9E14-1EF066B6E5A7}.AppStore|x86.Deploy.0 = Release|Any CPU
		{3CA4CBCC-3FE4-4C6A-9E14-1EF066B6E5A7}.Debug|Any CPU.ActiveCfg = Debug|Any CPU
		{3CA4CBCC-3FE4-4C6A-9E14-1EF066B6E5A7}.Debug|Any CPU.Build.0 = Debug|Any CPU
		{3CA4CBCC-3FE4-4C6A-9E14-1EF066B6E5A7}.Debug|Any CPU.Deploy.0 = Debug|Any CPU
		{3CA4CBCC-3FE4-4C6A-9E14-1EF066B6E5A7}.Debug|ARM.ActiveCfg = Debug|Any CPU
		{3CA4CBCC-3FE4-4C6A-9E14-1EF066B6E5A7}.Debug|ARM.Build.0 = Debug|Any CPU
		{3CA4CBCC-3FE4-4C6A-9E14-1EF066B6E5A7}.Debug|ARM.Deploy.0 = Debug|Any CPU
		{3CA4CBCC-3FE4-4C6A-9E14-1EF066B6E5A7}.Debug|iPhone.ActiveCfg = Debug|Any CPU
		{3CA4CBCC-3FE4-4C6A-9E14-1EF066B6E5A7}.Debug|iPhone.Build.0 = Debug|Any CPU
		{3CA4CBCC-3FE4-4C6A-9E14-1EF066B6E5A7}.Debug|iPhone.Deploy.0 = Debug|Any CPU
		{3CA4CBCC-3FE4-4C6A-9E14-1EF066B6E5A7}.Debug|iPhoneSimulator.ActiveCfg = Debug|Any CPU
		{3CA4CBCC-3FE4-4C6A-9E14-1EF066B6E5A7}.Debug|iPhoneSimulator.Build.0 = Debug|Any CPU
		{3CA4CBCC-3FE4-4C6A-9E14-1EF066B6E5A7}.Debug|iPhoneSimulator.Deploy.0 = Debug|Any CPU
		{3CA4CBCC-3FE4-4C6A-9E14-1EF066B6E5A7}.Debug|x64.ActiveCfg = Debug|Any CPU
		{3CA4CBCC-3FE4-4C6A-9E14-1EF066B6E5A7}.Debug|x64.Build.0 = Debug|Any CPU
		{3CA4CBCC-3FE4-4C6A-9E14-1EF066B6E5A7}.Debug|x64.Deploy.0 = Debug|Any CPU
		{3CA4CBCC-3FE4-4C6A-9E14-1EF066B6E5A7}.Debug|x86.ActiveCfg = Debug|Any CPU
		{3CA4CBCC-3FE4-4C6A-9E14-1EF066B6E5A7}.Debug|x86.Build.0 = Debug|Any CPU
		{3CA4CBCC-3FE4-4C6A-9E14-1EF066B6E5A7}.Debug|x86.Deploy.0 = Debug|Any CPU
		{3CA4CBCC-3FE4-4C6A-9E14-1EF066B6E5A7}.Release|Any CPU.ActiveCfg = Release|Any CPU
		{3CA4CBCC-3FE4-4C6A-9E14-1EF066B6E5A7}.Release|Any CPU.Build.0 = Release|Any CPU
		{3CA4CBCC-3FE4-4C6A-9E14-1EF066B6E5A7}.Release|Any CPU.Deploy.0 = Release|Any CPU
		{3CA4CBCC-3FE4-4C6A-9E14-1EF066B6E5A7}.Release|ARM.ActiveCfg = Release|Any CPU
		{3CA4CBCC-3FE4-4C6A-9E14-1EF066B6E5A7}.Release|ARM.Build.0 = Release|Any CPU
		{3CA4CBCC-3FE4-4C6A-9E14-1EF066B6E5A7}.Release|ARM.Deploy.0 = Release|Any CPU
		{3CA4CBCC-3FE4-4C6A-9E14-1EF066B6E5A7}.Release|iPhone.ActiveCfg = Release|Any CPU
		{3CA4CBCC-3FE4-4C6A-9E14-1EF066B6E5A7}.Release|iPhone.Build.0 = Release|Any CPU
		{3CA4CBCC-3FE4-4C6A-9E14-1EF066B6E5A7}.Release|iPhone.Deploy.0 = Release|Any CPU
		{3CA4CBCC-3FE4-4C6A-9E14-1EF066B6E5A7}.Release|iPhoneSimulator.ActiveCfg = Release|Any CPU
		{3CA4CBCC-3FE4-4C6A-9E14-1EF066B6E5A7}.Release|iPhoneSimulator.Build.0 = Release|Any CPU
		{3CA4CBCC-3FE4-4C6A-9E14-1EF066B6E5A7}.Release|iPhoneSimulator.Deploy.0 = Release|Any CPU
		{3CA4CBCC-3FE4-4C6A-9E14-1EF066B6E5A7}.Release|x64.ActiveCfg = Release|Any CPU
		{3CA4CBCC-3FE4-4C6A-9E14-1EF066B6E5A7}.Release|x64.Build.0 = Release|Any CPU
		{3CA4CBCC-3FE4-4C6A-9E14-1EF066B6E5A7}.Release|x64.Deploy.0 = Release|Any CPU
		{3CA4CBCC-3FE4-4C6A-9E14-1EF066B6E5A7}.Release|x86.ActiveCfg = Release|Any CPU
		{3CA4CBCC-3FE4-4C6A-9E14-1EF066B6E5A7}.Release|x86.Build.0 = Release|Any CPU
		{3CA4CBCC-3FE4-4C6A-9E14-1EF066B6E5A7}.Release|x86.Deploy.0 = Release|Any CPU
		{AE37E35B-73E9-432D-BAB8-FB8440DA2AE4}.Ad-Hoc|Any CPU.ActiveCfg = Ad-Hoc|iPhone
		{AE37E35B-73E9-432D-BAB8-FB8440DA2AE4}.Ad-Hoc|ARM.ActiveCfg = Ad-Hoc|iPhone
		{AE37E35B-73E9-432D-BAB8-FB8440DA2AE4}.Ad-Hoc|iPhone.ActiveCfg = Ad-Hoc|iPhone
		{AE37E35B-73E9-432D-BAB8-FB8440DA2AE4}.Ad-Hoc|iPhone.Build.0 = Ad-Hoc|iPhone
		{AE37E35B-73E9-432D-BAB8-FB8440DA2AE4}.Ad-Hoc|iPhoneSimulator.ActiveCfg = Ad-Hoc|iPhoneSimulator
		{AE37E35B-73E9-432D-BAB8-FB8440DA2AE4}.Ad-Hoc|iPhoneSimulator.Build.0 = Ad-Hoc|iPhoneSimulator
		{AE37E35B-73E9-432D-BAB8-FB8440DA2AE4}.Ad-Hoc|x64.ActiveCfg = Ad-Hoc|iPhone
		{AE37E35B-73E9-432D-BAB8-FB8440DA2AE4}.Ad-Hoc|x86.ActiveCfg = Ad-Hoc|iPhone
		{AE37E35B-73E9-432D-BAB8-FB8440DA2AE4}.AppStore|Any CPU.ActiveCfg = AppStore|iPhone
		{AE37E35B-73E9-432D-BAB8-FB8440DA2AE4}.AppStore|ARM.ActiveCfg = AppStore|iPhone
		{AE37E35B-73E9-432D-BAB8-FB8440DA2AE4}.AppStore|iPhone.ActiveCfg = AppStore|iPhone
		{AE37E35B-73E9-432D-BAB8-FB8440DA2AE4}.AppStore|iPhone.Build.0 = AppStore|iPhone
		{AE37E35B-73E9-432D-BAB8-FB8440DA2AE4}.AppStore|iPhoneSimulator.ActiveCfg = AppStore|iPhoneSimulator
		{AE37E35B-73E9-432D-BAB8-FB8440DA2AE4}.AppStore|iPhoneSimulator.Build.0 = AppStore|iPhoneSimulator
		{AE37E35B-73E9-432D-BAB8-FB8440DA2AE4}.AppStore|x64.ActiveCfg = AppStore|iPhone
		{AE37E35B-73E9-432D-BAB8-FB8440DA2AE4}.AppStore|x86.ActiveCfg = AppStore|iPhone
		{AE37E35B-73E9-432D-BAB8-FB8440DA2AE4}.Debug|Any CPU.ActiveCfg = Debug|iPhone
		{AE37E35B-73E9-432D-BAB8-FB8440DA2AE4}.Debug|ARM.ActiveCfg = Debug|iPhone
		{AE37E35B-73E9-432D-BAB8-FB8440DA2AE4}.Debug|iPhone.ActiveCfg = Debug|iPhone
		{AE37E35B-73E9-432D-BAB8-FB8440DA2AE4}.Debug|iPhone.Build.0 = Debug|iPhone
		{AE37E35B-73E9-432D-BAB8-FB8440DA2AE4}.Debug|iPhoneSimulator.ActiveCfg = Debug|iPhoneSimulator
		{AE37E35B-73E9-432D-BAB8-FB8440DA2AE4}.Debug|iPhoneSimulator.Build.0 = Debug|iPhoneSimulator
		{AE37E35B-73E9-432D-BAB8-FB8440DA2AE4}.Debug|x64.ActiveCfg = Debug|iPhone
		{AE37E35B-73E9-432D-BAB8-FB8440DA2AE4}.Debug|x86.ActiveCfg = Debug|iPhone
		{AE37E35B-73E9-432D-BAB8-FB8440DA2AE4}.Release|Any CPU.ActiveCfg = Release|iPhone
		{AE37E35B-73E9-432D-BAB8-FB8440DA2AE4}.Release|ARM.ActiveCfg = Release|iPhone
		{AE37E35B-73E9-432D-BAB8-FB8440DA2AE4}.Release|iPhone.ActiveCfg = Release|iPhone
		{AE37E35B-73E9-432D-BAB8-FB8440DA2AE4}.Release|iPhone.Build.0 = Release|iPhone
		{AE37E35B-73E9-432D-BAB8-FB8440DA2AE4}.Release|iPhoneSimulator.ActiveCfg = Release|iPhoneSimulator
		{AE37E35B-73E9-432D-BAB8-FB8440DA2AE4}.Release|iPhoneSimulator.Build.0 = Release|iPhoneSimulator
		{AE37E35B-73E9-432D-BAB8-FB8440DA2AE4}.Release|x64.ActiveCfg = Release|iPhone
		{AE37E35B-73E9-432D-BAB8-FB8440DA2AE4}.Release|x86.ActiveCfg = Release|iPhone
		{19F1B8C4-F23F-4963-B16B-EAC69D7E1C55}.Ad-Hoc|Any CPU.ActiveCfg = Release|x86
		{19F1B8C4-F23F-4963-B16B-EAC69D7E1C55}.Ad-Hoc|Any CPU.Build.0 = Release|x86
		{19F1B8C4-F23F-4963-B16B-EAC69D7E1C55}.Ad-Hoc|Any CPU.Deploy.0 = Release|x86
		{19F1B8C4-F23F-4963-B16B-EAC69D7E1C55}.Ad-Hoc|ARM.ActiveCfg = Release|ARM
		{19F1B8C4-F23F-4963-B16B-EAC69D7E1C55}.Ad-Hoc|ARM.Build.0 = Release|ARM
		{19F1B8C4-F23F-4963-B16B-EAC69D7E1C55}.Ad-Hoc|ARM.Deploy.0 = Release|ARM
		{19F1B8C4-F23F-4963-B16B-EAC69D7E1C55}.Ad-Hoc|iPhone.ActiveCfg = Release|x86
		{19F1B8C4-F23F-4963-B16B-EAC69D7E1C55}.Ad-Hoc|iPhone.Build.0 = Release|x86
		{19F1B8C4-F23F-4963-B16B-EAC69D7E1C55}.Ad-Hoc|iPhone.Deploy.0 = Release|x86
		{19F1B8C4-F23F-4963-B16B-EAC69D7E1C55}.Ad-Hoc|iPhoneSimulator.ActiveCfg = Release|x86
		{19F1B8C4-F23F-4963-B16B-EAC69D7E1C55}.Ad-Hoc|iPhoneSimulator.Build.0 = Release|x86
		{19F1B8C4-F23F-4963-B16B-EAC69D7E1C55}.Ad-Hoc|iPhoneSimulator.Deploy.0 = Release|x86
		{19F1B8C4-F23F-4963-B16B-EAC69D7E1C55}.Ad-Hoc|x64.ActiveCfg = Release|x64
		{19F1B8C4-F23F-4963-B16B-EAC69D7E1C55}.Ad-Hoc|x64.Build.0 = Release|x64
		{19F1B8C4-F23F-4963-B16B-EAC69D7E1C55}.Ad-Hoc|x64.Deploy.0 = Release|x64
		{19F1B8C4-F23F-4963-B16B-EAC69D7E1C55}.Ad-Hoc|x86.ActiveCfg = Release|x86
		{19F1B8C4-F23F-4963-B16B-EAC69D7E1C55}.Ad-Hoc|x86.Build.0 = Release|x86
		{19F1B8C4-F23F-4963-B16B-EAC69D7E1C55}.Ad-Hoc|x86.Deploy.0 = Release|x86
		{19F1B8C4-F23F-4963-B16B-EAC69D7E1C55}.AppStore|Any CPU.ActiveCfg = Release|x86
		{19F1B8C4-F23F-4963-B16B-EAC69D7E1C55}.AppStore|Any CPU.Build.0 = Release|x86
		{19F1B8C4-F23F-4963-B16B-EAC69D7E1C55}.AppStore|Any CPU.Deploy.0 = Release|x86
		{19F1B8C4-F23F-4963-B16B-EAC69D7E1C55}.AppStore|ARM.ActiveCfg = Release|ARM
		{19F1B8C4-F23F-4963-B16B-EAC69D7E1C55}.AppStore|ARM.Build.0 = Release|ARM
		{19F1B8C4-F23F-4963-B16B-EAC69D7E1C55}.AppStore|ARM.Deploy.0 = Release|ARM
		{19F1B8C4-F23F-4963-B16B-EAC69D7E1C55}.AppStore|iPhone.ActiveCfg = Release|x86
		{19F1B8C4-F23F-4963-B16B-EAC69D7E1C55}.AppStore|iPhone.Build.0 = Release|x86
		{19F1B8C4-F23F-4963-B16B-EAC69D7E1C55}.AppStore|iPhone.Deploy.0 = Release|x86
		{19F1B8C4-F23F-4963-B16B-EAC69D7E1C55}.AppStore|iPhoneSimulator.ActiveCfg = Release|x86
		{19F1B8C4-F23F-4963-B16B-EAC69D7E1C55}.AppStore|iPhoneSimulator.Build.0 = Release|x86
		{19F1B8C4-F23F-4963-B16B-EAC69D7E1C55}.AppStore|iPhoneSimulator.Deploy.0 = Release|x86
		{19F1B8C4-F23F-4963-B16B-EAC69D7E1C55}.AppStore|x64.ActiveCfg = Release|x64
		{19F1B8C4-F23F-4963-B16B-EAC69D7E1C55}.AppStore|x64.Build.0 = Release|x64
		{19F1B8C4-F23F-4963-B16B-EAC69D7E1C55}.AppStore|x64.Deploy.0 = Release|x64
		{19F1B8C4-F23F-4963-B16B-EAC69D7E1C55}.AppStore|x86.ActiveCfg = Release|x86
		{19F1B8C4-F23F-4963-B16B-EAC69D7E1C55}.AppStore|x86.Build.0 = Release|x86
		{19F1B8C4-F23F-4963-B16B-EAC69D7E1C55}.AppStore|x86.Deploy.0 = Release|x86
		{19F1B8C4-F23F-4963-B16B-EAC69D7E1C55}.Debug|Any CPU.ActiveCfg = Debug|x86
		{19F1B8C4-F23F-4963-B16B-EAC69D7E1C55}.Debug|ARM.ActiveCfg = Debug|ARM
		{19F1B8C4-F23F-4963-B16B-EAC69D7E1C55}.Debug|ARM.Build.0 = Debug|ARM
		{19F1B8C4-F23F-4963-B16B-EAC69D7E1C55}.Debug|ARM.Deploy.0 = Debug|ARM
		{19F1B8C4-F23F-4963-B16B-EAC69D7E1C55}.Debug|iPhone.ActiveCfg = Debug|x86
		{19F1B8C4-F23F-4963-B16B-EAC69D7E1C55}.Debug|iPhoneSimulator.ActiveCfg = Debug|x86
		{19F1B8C4-F23F-4963-B16B-EAC69D7E1C55}.Debug|x64.ActiveCfg = Debug|x64
		{19F1B8C4-F23F-4963-B16B-EAC69D7E1C55}.Debug|x64.Build.0 = Debug|x64
		{19F1B8C4-F23F-4963-B16B-EAC69D7E1C55}.Debug|x64.Deploy.0 = Debug|x64
		{19F1B8C4-F23F-4963-B16B-EAC69D7E1C55}.Debug|x86.ActiveCfg = Debug|x86
		{19F1B8C4-F23F-4963-B16B-EAC69D7E1C55}.Debug|x86.Build.0 = Debug|x86
		{19F1B8C4-F23F-4963-B16B-EAC69D7E1C55}.Debug|x86.Deploy.0 = Debug|x86
		{19F1B8C4-F23F-4963-B16B-EAC69D7E1C55}.Release|Any CPU.ActiveCfg = Release|x86
		{19F1B8C4-F23F-4963-B16B-EAC69D7E1C55}.Release|ARM.ActiveCfg = Release|ARM
		{19F1B8C4-F23F-4963-B16B-EAC69D7E1C55}.Release|ARM.Build.0 = Release|ARM
		{19F1B8C4-F23F-4963-B16B-EAC69D7E1C55}.Release|ARM.Deploy.0 = Release|ARM
		{19F1B8C4-F23F-4963-B16B-EAC69D7E1C55}.Release|iPhone.ActiveCfg = Release|x86
		{19F1B8C4-F23F-4963-B16B-EAC69D7E1C55}.Release|iPhoneSimulator.ActiveCfg = Release|x86
		{19F1B8C4-F23F-4963-B16B-EAC69D7E1C55}.Release|x64.ActiveCfg = Release|x64
		{19F1B8C4-F23F-4963-B16B-EAC69D7E1C55}.Release|x64.Build.0 = Release|x64
		{19F1B8C4-F23F-4963-B16B-EAC69D7E1C55}.Release|x64.Deploy.0 = Release|x64
		{19F1B8C4-F23F-4963-B16B-EAC69D7E1C55}.Release|x86.ActiveCfg = Release|x86
		{19F1B8C4-F23F-4963-B16B-EAC69D7E1C55}.Release|x86.Build.0 = Release|x86
		{19F1B8C4-F23F-4963-B16B-EAC69D7E1C55}.Release|x86.Deploy.0 = Release|x86
	EndGlobalSection
	GlobalSection(SolutionProperties) = preSolution
		HideSolutionNode = FALSE
	EndGlobalSection
	GlobalSection(ExtensibilityGlobals) = postSolution
		SolutionGuid = {1F7B6372-750C-4AB2-A533-564A2DA6C0B9}
	EndGlobalSection
EndGlobal
